
Microsoft Visual Studio Solution File, Format Version 12.00
# Visual Studio Version 16
VisualStudioVersion = 16.0.31410.357
MinimumVisualStudioVersion = 10.0.40219.1
Project("{FAE04EC0-301F-11D3-BF4B-00C04F79EFBC}") = "demoapp", "demoapp\demoapp.csproj", "{0331B695-19E3-430D-96ED-5ECA0E609A1F}"
EndProject
Global
	GlobalSection(SolutionConfigurationPlatforms) = preSolution
		Debug|Any CPU = Debug|Any CPU
		Release|Any CPU = Release|Any CPU
	EndGlobalSection
	GlobalSection(ProjectConfigurationPlatforms) = postSolution
		{0331B695-19E3-430D-96ED-5ECA0E609A1F}.Debug|Any CPU.ActiveCfg = Debug|Any CPU
		{0331B695-19E3-430D-96ED-5ECA0E609A1F}.Debug|Any CPU.Build.0 = Debug|Any CPU
		{0331B695-19E3-430D-96ED-5ECA0E609A1F}.Release|Any CPU.ActiveCfg = Release|Any CPU
		{0331B695-19E3-430D-96ED-5ECA0E609A1F}.Release|Any CPU.Build.0 = Release|Any CPU
	EndGlobalSection
	GlobalSection(SolutionProperties) = preSolution
		HideSolutionNode = FALSE
	EndGlobalSection
	GlobalSection(ExtensibilityGlobals) = postSolution
		SolutionGuid = {23C31E42-E50F-409B-9685-EA808BC86637}
	EndGlobalSection
EndGlobal
